
Microsoft Visual Studio Solution File, Format Version 12.00
# Visual Studio 15
VisualStudioVersion = 15.0.28010.2048
MinimumVisualStudioVersion = 10.0.40219.1
Project("{FAE04EC0-301F-11D3-BF4B-00C04F79EFBC}") = "CoveoConsumptionDashboardSummarizer", "CoveoConsumptionDashboardSummarizer\CoveoConsumptionDashboardSummarizer.csproj", "{12F4393D-D820-4173-AB34-0F361DFAE9AF}"
EndProject
Global
	GlobalSection(SolutionConfigurationPlatforms) = preSolution
		Debug|Any CPU = Debug|Any CPU
		Release|Any CPU = Release|Any CPU
	EndGlobalSection
	GlobalSection(ProjectConfigurationPlatforms) = postSolution
		{12F4393D-D820-4173-AB34-0F361DFAE9AF}.Debug|Any CPU.ActiveCfg = Debug|Any CPU
		{12F4393D-D820-4173-AB34-0F361DFAE9AF}.Debug|Any CPU.Build.0 = Debug|Any CPU
		{12F4393D-D820-4173-AB34-0F361DFAE9AF}.Release|Any CPU.ActiveCfg = Release|Any CPU
		{12F4393D-D820-4173-AB34-0F361DFAE9AF}.Release|Any CPU.Build.0 = Release|Any CPU
	EndGlobalSection
	GlobalSection(SolutionProperties) = preSolution
		HideSolutionNode = FALSE
	EndGlobalSection
	GlobalSection(ExtensibilityGlobals) = postSolution
		SolutionGuid = {557AC5D3-7947-49DF-BFAF-1FA0733DBA0E}
	EndGlobalSection
EndGlobal
